# @generated - this file is auto-generated by `mise lock` https://mise.jdx.dev/dev-tools/mise-lock.html

lockfile_version = 2

[[tools.jq]]
version = "1.8.2"
backend = "aqua:jqlang/jq"
specifiers = ["latest"]

[tools.jq."platforms.linux-arm64"]
checksum = "sha256:8b85c817833814ddca00a144c33705546355afccf0cf39b188f3cdb48b852309"
url = "https://github.com/jqlang/jq/releases/download/jq-1.8.2/jq-linux-arm64"
url_api = "https://api.github.com/repos/jqlang/jq/releases/assets/453012756"
provenance = "github-attestations"

[tools.jq."platforms.linux-arm64-musl"]
checksum = "sha256:8b85c817833814ddca00a144c33705546355afccf0cf39b188f3cdb48b852309"
url = "https://github.com/jqlang/jq/releases/download/jq-1.8.2/jq-linux-arm64"
url_api = "https://api.github.com/repos/jqlang/jq/releases/assets/453012756"
provenance = "github-attestations"

[tools.jq."platforms.linux-x64"]
checksum = "sha256:b1c22172dd303f3be49e935aa56aa48a8b7a46e0bc838b4997d3bb451495870f"
url = "https://github.com/jqlang/jq/releases/download/jq-1.8.2/jq-linux-amd64"
url_api = "https://api.github.com/repos/jqlang/jq/releases/assets/453012752"
provenance = "github-attestations"

[tools.jq."platforms.linux-x64-musl"]
checksum = "sha256:b1c22172dd303f3be49e935aa56aa48a8b7a46e0bc838b4997d3bb451495870f"
url = "https://github.com/jqlang/jq/releases/download/jq-1.8.2/jq-linux-amd64"
url_api = "https://api.github.com/repos/jqlang/jq/releases/assets/453012752"
provenance = "github-attestations"

[tools.jq."platforms.macos-arm64"]
checksum = "sha256:2d75340ba57a4b4b4c8708a21c2dc8e958a48aaa8bba13b27f77f6e4c0eca07e"
url = "https://github.com/jqlang/jq/releases/download/jq-1.8.2/jq-macos-arm64"
url_api = "https://api.github.com/repos/jqlang/jq/releases/assets/453012783"
provenance = "github-attestations"

[tools.jq."platforms.macos-x64"]
checksum = "sha256:e94b266e3c26690550006abe63152b782280f4e14374accdf04cbde844f00bc0"
url = "https://github.com/jqlang/jq/releases/download/jq-1.8.2/jq-macos-amd64"
url_api = "https://api.github.com/repos/jqlang/jq/releases/assets/453012782"
provenance = "github-attestations"

[tools.jq."platforms.windows-x64"]
checksum = "sha256:a6fc67fedaf9128a3309a1e2ebb8b986aeccf70122ee46d2cb4849e423f0c627"
url = "https://github.com/jqlang/jq/releases/download/jq-1.8.2/jq-windows-amd64.exe"
url_api = "https://api.github.com/repos/jqlang/jq/releases/assets/453012788"
provenance = "github-attestations"

[[tools.lazygit]]
version = "0.64.1"
backend = "aqua:jesseduffield/lazygit"
specifiers = ["latest"]

[tools.lazygit."platforms.linux-arm64"]
checksum = "sha256:8b7ca3b344e60340ad1f89f29b9868ee39bcaba5bb92ee818bbe65476bb8b6e7"
url = "https://github.com/jesseduffield/lazygit/releases/download/v0.64.1/lazygit_0.64.1_linux_arm64.tar.gz"
url_api = "https://api.github.com/repos/jesseduffield/lazygit/releases/assets/511894160"

[tools.lazygit."platforms.linux-arm64-musl"]
checksum = "sha256:8b7ca3b344e60340ad1f89f29b9868ee39bcaba5bb92ee818bbe65476bb8b6e7"
url = "https://github.com/jesseduffield/lazygit/releases/download/v0.64.1/lazygit_0.64.1_linux_arm64.tar.gz"
url_api = "https://api.github.com/repos/jesseduffield/lazygit/releases/assets/511894160"

[tools.lazygit."platforms.linux-x64"]
checksum = "sha256:f8ea237c41f194cd799b48505518bfdaae4edf5a2ad6bd3d898e939785ee4532"
url = "https://github.com/jesseduffield/lazygit/releases/download/v0.64.1/lazygit_0.64.1_linux_x86_64.tar.gz"
url_api = "https://api.github.com/repos/jesseduffield/lazygit/releases/assets/511894209"

[tools.lazygit."platforms.linux-x64-musl"]
checksum = "sha256:f8ea237c41f194cd799b48505518bfdaae4edf5a2ad6bd3d898e939785ee4532"
url = "https://github.com/jesseduffield/lazygit/releases/download/v0.64.1/lazygit_0.64.1_linux_x86_64.tar.gz"
url_api = "https://api.github.com/repos/jesseduffield/lazygit/releases/assets/511894209"

[tools.lazygit."platforms.macos-arm64"]
checksum = "sha256:a106b4c1bf8ab7539c4afb40a01cbde263a96513cdcb8bf7630278f07e88cd99"
url = "https://github.com/jesseduffield/lazygit/releases/download/v0.64.1/lazygit_0.64.1_darwin_arm64.tar.gz"
url_api = "https://api.github.com/repos/jesseduffield/lazygit/releases/assets/511894212"

[tools.lazygit."platforms.macos-x64"]
checksum = "sha256:f727fdf2efa46f78d102639eafe085cef437928da1e9ec79ec8e203b8a12f2a2"
url = "https://github.com/jesseduffield/lazygit/releases/download/v0.64.1/lazygit_0.64.1_darwin_x86_64.tar.gz"
url_api = "https://api.github.com/repos/jesseduffield/lazygit/releases/assets/511894192"

[tools.lazygit."platforms.windows-x64"]
checksum = "sha256:de8eca2cf2e75857882d313bf9dfc706a7aae893951ab29df706c99b525661ae"
url = "https://github.com/jesseduffield/lazygit/releases/download/v0.64.1/lazygit_0.64.1_windows_x86_64.zip"
url_api = "https://api.github.com/repos/jesseduffield/lazygit/releases/assets/511894165"

[[tools.terminal-control]]
version = "0.6.0-r1"
backend = "github:dhth/terminal-control"
specifiers = ["0.6.0-r1"]

[tools.terminal-control.options]
version_prefix = "musl-v"

[tools.terminal-control."platforms.linux-x64"]
checksum = "sha256:63ae2cc1e83ac4e79d0ae7d2c606d87215b9831612d7f97440283356c1c03388"
url = "https://github.com/dhth/terminal-control/releases/download/musl-v0.6.0-r1/termctrl-0.6.0-linux-x86_64-musl.tar.gz"
url_api = "https://api.github.com/repos/dhth/terminal-control/releases/assets/513997951"

[tools.terminal-control."platforms.linux-x64-musl"]
checksum = "sha256:63ae2cc1e83ac4e79d0ae7d2c606d87215b9831612d7f97440283356c1c03388"
url = "https://github.com/dhth/terminal-control/releases/download/musl-v0.6.0-r1/termctrl-0.6.0-linux-x86_64-musl.tar.gz"
url_api = "https://api.github.com/repos/dhth/terminal-control/releases/assets/513997951"
